
Microsoft Visual Studio Solution File, Format Version 12.00
# Visual Studio 15
VisualStudioVersion = 15.0.28307.902
MinimumVisualStudioVersion = 10.0.40219.1
Project("{FAE04EC0-301F-11D3-BF4B-00C04F79EFBC}") = "Projet_prog_avancee", "Projet_prog_avancee\Projet_prog_avancee.csproj", "{C2594683-1E8D-42F3-91C1-0A8E35909CED}"
EndProject
Global
	GlobalSection(SolutionConfigurationPlatforms) = preSolution
		Debug|Any CPU = Debug|Any CPU
		Release|Any CPU = Release|Any CPU
	EndGlobalSection
	GlobalSection(ProjectConfigurationPlatforms) = postSolution
		{C2594683-1E8D-42F3-91C1-0A8E35909CED}.Debug|Any CPU.ActiveCfg = Debug|Any CPU
		{C2594683-1E8D-42F3-91C1-0A8E35909CED}.Debug|Any CPU.Build.0 = Debug|Any CPU
		{C2594683-1E8D-42F3-91C1-0A8E35909CED}.Release|Any CPU.ActiveCfg = Release|Any CPU
		{C2594683-1E8D-42F3-91C1-0A8E35909CED}.Release|Any CPU.Build.0 = Release|Any CPU
	EndGlobalSection
	GlobalSection(SolutionProperties) = preSolution
		HideSolutionNode = FALSE
	EndGlobalSection
	GlobalSection(ExtensibilityGlobals) = postSolution
		SolutionGuid = {95D51A9C-05A6-4702-9D85-E4BCEC3A5EB0}
	EndGlobalSection
EndGlobal
